// !$*UTF8*$!
{
	archiveVersion = 1;
	classes = {
	};
	objectVersion = 55;
	objects = {

/* Begin PBXBuildFile section */
		BC84B67828C250B700D877CC /* AppDelegate.swift in Sources */ = {isa = PBXBuildFile; fileRef = BC84B67728C250B700D877CC /* AppDelegate.swift */; };
		BC84B67A28C250B700D877CC /* SceneDelegate.swift in Sources */ = {isa = PBXBuildFile; fileRef = BC84B67928C250B700D877CC /* SceneDelegate.swift */; };
		BC84B67C28C250B700D877CC /* MusicViewController.swift in Sources */ = {isa = PBXBuildFile; fileRef = BC84B67B28C250B700D877CC /* MusicViewController.swift */; };
		BC84B68128C250BF00D877CC /* Assets.xcassets in Resources */ = {isa = PBXBuildFile; fileRef = BC84B68028C250BF00D877CC /* Assets.xcassets */; };
		BC84B68428C250BF00D877CC /* LaunchScreen.storyboard in Resources */ = {isa = PBXBuildFile; fileRef = BC84B68228C250BF00D877CC /* LaunchScreen.storyboard */; };
		BC84B68D28C2516100D877CC /* SnapKit in Frameworks */ = {isa = PBXBuildFile; productRef = BC84B68C28C2516100D877CC /* SnapKit */; };
		BCA95E4228C5123A009B052B /* MusicCollectionViewCell.swift in Sources */ = {isa = PBXBuildFile; fileRef = BCA95E4128C5123A009B052B /* MusicCollectionViewCell.swift */; };
		BCA95E4428C51568009B052B /* MusicView.swift in Sources */ = {isa = PBXBuildFile; fileRef = BCA95E4328C51568009B052B /* MusicView.swift */; };
		BCA95E4828C52685009B052B /* OneRepublic - I Ain't Worried.mp3 in Resources */ = {isa = PBXBuildFile; fileRef = BCA95E4728C52685009B052B /* OneRepublic - I Ain't Worried.mp3 */; };
		BCA95E4A28C5268D009B052B /* imagine_dragon_-_beliver_(z2.fm).mp3 in Resources */ = {isa = PBXBuildFile; fileRef = BCA95E4928C5268D009B052B /* imagine_dragon_-_beliver_(z2.fm).mp3 */; };
		BCA95E4C28C52698009B052B /* muzika_v_mashinu_2022_-_swedish_house_mafia__the_weeknd_-_moth_to_a_flame_(z2.fm).mp3 in Resources */ = {isa = PBXBuildFile; fileRef = BCA95E4B28C52698009B052B /* muzika_v_mashinu_2022_-_swedish_house_mafia__the_weeknd_-_moth_to_a_flame_(z2.fm).mp3 */; };
		BCA95E4E28C5270D009B052B /* Song.swift in Sources */ = {isa = PBXBuildFile; fileRef = BCA95E4D28C5270D009B052B /* Song.swift */; };
		BCA95E5028C52D36009B052B /* MusicPresenter.swift in Sources */ = {isa = PBXBuildFile; fileRef = BCA95E4F28C52D36009B052B /* MusicPresenter.swift */; };
		BCA95E5328C52DE6009B052B /* AudioManager.swift in Sources */ = {isa = PBXBuildFile; fileRef = BCA95E5228C52DE6009B052B /* AudioManager.swift */; };
		BCA95E5528C53DD4009B052B /* MusicViewProtocol.swift in Sources */ = {isa = PBXBuildFile; fileRef = BCA95E5428C53DD4009B052B /* MusicViewProtocol.swift */; };
		BCA95E5728C54B37009B052B /* ModuleBuilder.swift in Sources */ = {isa = PBXBuildFile; fileRef = BCA95E5628C54B37009B052B /* ModuleBuilder.swift */; };
		BCA95E5A28C7300D009B052B /* Time.swift in Sources */ = {isa = PBXBuildFile; fileRef = BCA95E5928C7300D009B052B /* Time.swift */; };
/* End PBXBuildFile section */

/* Begin PBXFileReference section */
		BC84B67428C250B700D877CC /* MusicListApp.app */ = {isa = PBXFileReference; explicitFileType = wrapper.application; includeInIndex = 0; path = MusicListApp.app; sourceTree = BUILT_PRODUCTS_DIR; };
		BC84B67728C250B700D877CC /* AppDelegate.swift */ = {isa = PBXFileReference; lastKnownFileType = sourcecode.swift; path = AppDelegate.swift; sourceTree = "<group>"; };
		BC84B67928C250B700D877CC /* SceneDelegate.swift */ = {isa = PBXFileReference; lastKnownFileType = sourcecode.swift; path = SceneDelegate.swift; sourceTree = "<group>"; };
		BC84B67B28C250B700D877CC /* MusicViewController.swift */ = {isa = PBXFileReference; lastKnownFileType = sourcecode.swift; path = MusicViewController.swift; sourceTree = "<group>"; };
		BC84B68028C250BF00D877CC /* Assets.xcassets */ = {isa = PBXFileReference; lastKnownFileType = folder.assetcatalog; path = Assets.xcassets; sourceTree = "<group>"; };
		BC84B68328C250BF00D877CC /* Base */ = {isa = PBXFileReference; lastKnownFileType = file.storyboard; name = Base; path = Base.lproj/LaunchScreen.storyboard; sourceTree = "<group>"; };
		BC84B68528C250BF00D877CC /* Info.plist */ = {isa = PBXFileReference; lastKnownFileType = text.plist.xml; path = Info.plist; sourceTree = "<group>"; };
		BCA95E4128C5123A009B052B /* MusicCollectionViewCell.swift */ = {isa = PBXFileReference; lastKnownFileType = sourcecode.swift; path = MusicCollectionViewCell.swift; sourceTree = "<group>"; };
		BCA95E4328C51568009B052B /* MusicView.swift */ = {isa = PBXFileReference; lastKnownFileType = sourcecode.swift; path = MusicView.swift; sourceTree = "<group>"; };
		BCA95E4728C52685009B052B /* OneRepublic - I Ain't Worried.mp3 */ = {isa = PBXFileReference; lastKnownFileType = audio.mp3; path = "OneRepublic - I Ain't Worried.mp3"; sourceTree = "<group>"; };
		BCA95E4928C5268D009B052B /* imagine_dragon_-_beliver_(z2.fm).mp3 */ = {isa = PBXFileReference; lastKnownFileType = audio.mp3; path = "imagine_dragon_-_beliver_(z2.fm).mp3"; sourceTree = "<group>"; };
		BCA95E4B28C52698009B052B /* muzika_v_mashinu_2022_-_swedish_house_mafia__the_weeknd_-_moth_to_a_flame_(z2.fm).mp3 */ = {isa = PBXFileReference; lastKnownFileType = audio.mp3; path = "muzika_v_mashinu_2022_-_swedish_house_mafia__the_weeknd_-_moth_to_a_flame_(z2.fm).mp3"; sourceTree = "<group>"; };
		BCA95E4D28C5270D009B052B /* Song.swift */ = {isa = PBXFileReference; lastKnownFileType = sourcecode.swift; path = Song.swift; sourceTree = "<group>"; };
		BCA95E4F28C52D36009B052B /* MusicPresenter.swift */ = {isa = PBXFileReference; lastKnownFileType = sourcecode.swift; path = MusicPresenter.swift; sourceTree = "<group>"; };
		BCA95E5228C52DE6009B052B /* AudioManager.swift */ = {isa = PBXFileReference; lastKnownFileType = sourcecode.swift; path = AudioManager.swift; sourceTree = "<group>"; };
		BCA95E5428C53DD4009B052B /* MusicViewProtocol.swift */ = {isa = PBXFileReference; lastKnownFileType = sourcecode.swift; path = MusicViewProtocol.swift; sourceTree = "<group>"; };
		BCA95E5628C54B37009B052B /* ModuleBuilder.swift */ = {isa = PBXFileReference; lastKnownFileType = sourcecode.swift; path = ModuleBuilder.swift; sourceTree = "<group>"; };
		BCA95E5928C7300D009B052B /* Time.swift */ = {isa = PBXFileReference; lastKnownFileType = sourcecode.swift; path = Time.swift; sourceTree = "<group>"; };
/* End PBXFileReference section */

/* Begin PBXFrameworksBuildPhase section */
		BC84B67128C250B700D877CC /* Frameworks */ = {
			isa = PBXFrameworksBuildPhase;
			buildActionMask = 2147483647;
			files = (
				BC84B68D28C2516100D877CC /* SnapKit in Frameworks */,
			);
			runOnlyForDeploymentPostprocessing = 0;
		};
/* End PBXFrameworksBuildPhase section */

/* Begin PBXGroup section */
		BC84B66B28C250B700D877CC = {
			isa = PBXGroup;
			children = (
				BC84B67628C250B700D877CC /* MusicListApp */,
				BC84B67528C250B700D877CC /* Products */,
			);
			sourceTree = "<group>";
		};
		BC84B67528C250B700D877CC /* Products */ = {
			isa = PBXGroup;
			children = (
				BC84B67428C250B700D877CC /* MusicListApp.app */,
			);
			name = Products;
			sourceTree = "<group>";
		};
		BC84B67628C250B700D877CC /* MusicListApp */ = {
			isa = PBXGroup;
			children = (
				BCA95E4528C52663009B052B /* SupportFiles */,
				BCA95E3E28C511A8009B052B /* Models */,
				BCA95E4028C511BA009B052B /* Presenter */,
				BCA95E3F28C511B2009B052B /* Views */,
				BC84B68528C250BF00D877CC /* Info.plist */,
			);
			path = MusicListApp;
			sourceTree = "<group>";
		};
		BCA95E3E28C511A8009B052B /* Models */ = {
			isa = PBXGroup;
			children = (
				BCA95E4D28C5270D009B052B /* Song.swift */,
				BCA95E5228C52DE6009B052B /* AudioManager.swift */,
				BCA95E5928C7300D009B052B /* Time.swift */,
			);
			path = Models;
			sourceTree = "<group>";
		};
		BCA95E3F28C511B2009B052B /* Views */ = {
			isa = PBXGroup;
			children = (
				BCA95E5128C52D41009B052B /* MusicFlow */,
			);
			path = Views;
			sourceTree = "<group>";
		};
		BCA95E4028C511BA009B052B /* Presenter */ = {
			isa = PBXGroup;
			children = (
				BCA95E4F28C52D36009B052B /* MusicPresenter.swift */,
				BCA95E5628C54B37009B052B /* ModuleBuilder.swift */,
			);
			path = Presenter;
			sourceTree = "<group>";
		};
		BCA95E4528C52663009B052B /* SupportFiles */ = {
			isa = PBXGroup;
			children = (
				BCA95E4628C52671009B052B /* Songs */,
				BC84B67728C250B700D877CC /* AppDelegate.swift */,
				BC84B67928C250B700D877CC /* SceneDelegate.swift */,
				BC84B68028C250BF00D877CC /* Assets.xcassets */,
				BC84B68228C250BF00D877CC /* LaunchScreen.storyboard */,
			);
			path = SupportFiles;
			sourceTree = "<group>";
		};
		BCA95E4628C52671009B052B /* Songs */ = {
			isa = PBXGroup;
			children = (
				BCA95E4728C52685009B052B /* OneRepublic - I Ain't Worried.mp3 */,
				BCA95E4928C5268D009B052B /* imagine_dragon_-_beliver_(z2.fm).mp3 */,
				BCA95E4B28C52698009B052B /* muzika_v_mashinu_2022_-_swedish_house_mafia__the_weeknd_-_moth_to_a_flame_(z2.fm).mp3 */,
			);
			path = Songs;
			sourceTree = "<group>";
		};
		BCA95E5128C52D41009B052B /* MusicFlow */ = {
			isa = PBXGroup;
			children = (
				BCA95E5428C53DD4009B052B /* MusicViewProtocol.swift */,
				BC84B67B28C250B700D877CC /* MusicViewController.swift */,
				BCA95E4128C5123A009B052B /* MusicCollectionViewCell.swift */,
				BCA95E4328C51568009B052B /* MusicView.swift */,
			);
			path = MusicFlow;
			sourceTree = "<group>";
		};
/* End PBXGroup section */

/* Begin PBXNativeTarget section */
		BC84B67328C250B700D877CC /* MusicListApp */ = {
			isa = PBXNativeTarget;
			buildConfigurationList = BC84B68828C250BF00D877CC /* Build configuration list for PBXNativeTarget "MusicListApp" */;
			buildPhases = (
				BC84B67028C250B700D877CC /* Sources */,
				BC84B67128C250B700D877CC /* Frameworks */,
				BC84B67228C250B700D877CC /* Resources */,
			);
			buildRules = (
			);
			dependencies = (
			);
			name = MusicListApp;
			packageProductDependencies = (
				BC84B68C28C2516100D877CC /* SnapKit */,
			);
			productName = MusicListApp;
			productReference = BC84B67428C250B700D877CC /* MusicListApp.app */;
			productType = "com.apple.product-type.application";
		};
/* End PBXNativeTarget section */

/* Begin PBXProject section */
		BC84B66C28C250B700D877CC /* Project object */ = {
			isa = PBXProject;
			attributes = {
				BuildIndependentTargetsInParallel = 1;
				LastSwiftUpdateCheck = 1320;
				LastUpgradeCheck = 1320;
				TargetAttributes = {
					BC84B67328C250B700D877CC = {
						CreatedOnToolsVersion = 13.2.1;
					};
				};
			};
			buildConfigurationList = BC84B66F28C250B700D877CC /* Build configuration list for PBXProject "MusicListApp" */;
			compatibilityVersion = "Xcode 13.0";
			developmentRegion = en;
			hasScannedForEncodings = 0;
			knownRegions = (
				en,
				Base,
			);
			mainGroup = BC84B66B28C250B700D877CC;
			packageReferences = (
				BC84B68B28C2516100D877CC /* XCRemoteSwiftPackageReference "SnapKit" */,
			);
			productRefGroup = BC84B67528C250B700D877CC /* Products */;
			projectDirPath = "";
			projectRoot = "";
			targets = (
				BC84B67328C250B700D877CC /* MusicListApp */,
			);
		};
/* End PBXProject section */

/* Begin PBXResourcesBuildPhase section */
		BC84B67228C250B700D877CC /* Resources */ = {
			isa = PBXResourcesBuildPhase;
			buildActionMask = 2147483647;
			files = (
				BCA95E4C28C52698009B052B /* muzika_v_mashinu_2022_-_swedish_house_mafia__the_weeknd_-_moth_to_a_flame_(z2.fm).mp3 in Resources */,
				BC84B68428C250BF00D877CC /* LaunchScreen.storyboard in Resources */,
				BCA95E4828C52685009B052B /* OneRepublic - I Ain't Worried.mp3 in Resources */,
				BC84B68128C250BF00D877CC /* Assets.xcassets in Resources */,
				BCA95E4A28C5268D009B052B /* imagine_dragon_-_beliver_(z2.fm).mp3 in Resources */,
			);
			runOnlyForDeploymentPostprocessing = 0;
		};
/* End PBXResourcesBuildPhase section */

/* Begin PBXSourcesBuildPhase section */
		BC84B67028C250B700D877CC /* Sources */ = {
			isa = PBXSourcesBuildPhase;
			buildActionMask = 2147483647;
			files = (
				BCA95E5528C53DD4009B052B /* MusicViewProtocol.swift in Sources */,
				BCA95E5328C52DE6009B052B /* AudioManager.swift in Sources */,
				BCA95E4E28C5270D009B052B /* Song.swift in Sources */,
				BCA95E5728C54B37009B052B /* ModuleBuilder.swift in Sources */,
				BC84B67C28C250B700D877CC /* MusicViewController.swift in Sources */,
				BCA95E5028C52D36009B052B /* MusicPresenter.swift in Sources */,
				BC84B67828C250B700D877CC /* AppDelegate.swift in Sources */,
				BC84B67A28C250B700D877CC /* SceneDelegate.swift in Sources */,
				BCA95E4428C51568009B052B /* MusicView.swift in Sources */,
				BCA95E5A28C7300D009B052B /* Time.swift in Sources */,
				BCA95E4228C5123A009B052B /* MusicCollectionViewCell.swift in Sources */,
			);
			runOnlyForDeploymentPostprocessing = 0;
		};
/* End PBXSourcesBuildPhase section */

/* Begin PBXVariantGroup section */
		BC84B68228C250BF00D877CC /* LaunchScreen.storyboard */ = {
			isa = PBXVariantGroup;
			children = (
				BC84B68328C250BF00D877CC /* Base */,
			);
			name = LaunchScreen.storyboard;
			sourceTree = "<group>";
		};
/* End PBXVariantGroup section */

/* Begin XCBuildConfiguration section */
		BC84B68628C250BF00D877CC /* Debug */ = {
			isa = XCBuildConfiguration;
			buildSettings = {
				ALWAYS_SEARCH_USER_PATHS = NO;
				CLANG_ANALYZER_NONNULL = YES;
				CLANG_ANALYZER_NUMBER_OBJECT_CONVERSION = YES_AGGRESSIVE;
				CLANG_CXX_LANGUAGE_STANDARD = "gnu++17";
				CLANG_CXX_LIBRARY = "libc++";
				CLANG_ENABLE_MODULES = YES;
				CLANG_ENABLE_OBJC_ARC = YES;
				CLANG_ENABLE_OBJC_WEAK = YES;
				CLANG_WARN_BLOCK_CAPTURE_AUTORELEASING = YES;
				CLANG_WARN_BOOL_CONVERSION = YES;
				CLANG_WARN_COMMA = YES;
				CLANG_WARN_CONSTANT_CONVERSION = YES;
				CLANG_WARN_DEPRECATED_OBJC_IMPLEMENTATIONS = YES;
				CLANG_WARN_DIRECT_OBJC_ISA_USAGE = YES_ERROR;
				CLANG_WARN_DOCUMENTATION_COMMENTS = YES;
				CLANG_WARN_EMPTY_BODY = YES;
				CLANG_WARN_ENUM_CONVERSION = YES;
				CLANG_WARN_INFINITE_RECURSION = YES;
				CLANG_WARN_INT_CONVERSION = YES;
				CLANG_WARN_NON_LITERAL_NULL_CONVERSION = YES;
				CLANG_WARN_OBJC_IMPLICIT_RETAIN_SELF = YES;
				CLANG_WARN_OBJC_LITERAL_CONVERSION = YES;
				CLANG_WARN_OBJC_ROOT_CLASS = YES_ERROR;
				CLANG_WARN_QUOTED_INCLUDE_IN_FRAMEWORK_HEADER = YES;
				CLANG_WARN_RANGE_LOOP_ANALYSIS = YES;
				CLANG_WARN_STRICT_PROTOTYPES = YES;
				CLANG_WARN_SUSPICIOUS_MOVE = YES;
				CLANG_WARN_UNGUARDED_AVAILABILITY = YES_AGGRESSIVE;
				CLANG_WARN_UNREACHABLE_CODE = YES;
				CLANG_WARN__DUPLICATE_METHOD_MATCH = YES;
				COPY_PHASE_STRIP = NO;
				DEBUG_INFORMATION_FORMAT = dwarf;
				ENABLE_STRICT_OBJC_MSGSEND = YES;
				ENABLE_TESTABILITY = YES;
				GCC_C_LANGUAGE_STANDARD = gnu11;
				GCC_DYNAMIC_NO_PIC = NO;
				GCC_NO_COMMON_BLOCKS = YES;
				GCC_OPTIMIZATION_LEVEL = 0;
				GCC_PREPROCESSOR_DEFINITIONS = (
					"DEBUG=1",
					"$(inherited)",
				);
				GCC_WARN_64_TO_32_BIT_CONVERSION = YES;
				GCC_WARN_ABOUT_RETURN_TYPE = YES_ERROR;
				GCC_WARN_UNDECLARED_SELECTOR = YES;
				GCC_WARN_UNINITIALIZED_AUTOS = YES_AGGRESSIVE;
				GCC_WARN_UNUSED_FUNCTION = YES;
				GCC_WARN_UNUSED_VARIABLE = YES;
				IPHONEOS_DEPLOYMENT_TARGET = 15.2;
				MTL_ENABLE_DEBUG_INFO = INCLUDE_SOURCE;
				MTL_FAST_MATH = YES;
				ONLY_ACTIVE_ARCH = YES;
				SDKROOT = iphoneos;
				SWIFT_ACTIVE_COMPILATION_CONDITIONS = DEBUG;
				SWIFT_OPTIMIZATION_LEVEL = "-Onone";
			};
			name = Debug;
		};
		BC84B68728C250BF00D877CC /* Release */ = {
			isa = XCBuildConfiguration;
			buildSettings = {
				ALWAYS_SEARCH_USER_PATHS = NO;
				CLANG_ANALYZER_NONNULL = YES;
				CLANG_ANALYZER_NUMBER_OBJECT_CONVERSION = YES_AGGRESSIVE;
				CLANG_CXX_LANGUAGE_STANDARD = "gnu++17";
				CLANG_CXX_LIBRARY = "libc++";
				CLANG_ENABLE_MODULES = YES;
				CLANG_ENABLE_OBJC_ARC = YES;
				CLANG_ENABLE_OBJC_WEAK = YES;
				CLANG_WARN_BLOCK_CAPTURE_AUTORELEASING = YES;
				CLANG_WARN_BOOL_CONVERSION = YES;
				CLANG_WARN_COMMA = YES;
				CLANG_WARN_CONSTANT_CONVERSION = YES;
				CLANG_WARN_DEPRECATED_OBJC_IMPLEMENTATIONS = YES;
				CLANG_WARN_DIRECT_OBJC_ISA_USAGE = YES_ERROR;
				CLANG_WARN_DOCUMENTATION_COMMENTS = YES;
				CLANG_WARN_EMPTY_BODY = YES;
				CLANG_WARN_ENUM_CONVERSION = YES;
				CLANG_WARN_INFINITE_RECURSION = YES;
				CLANG_WARN_INT_CONVERSION = YES;
				CLANG_WARN_NON_LITERAL_NULL_CONVERSION = YES;
				CLANG_WARN_OBJC_IMPLICIT_RETAIN_SELF = YES;
				CLANG_WARN_OBJC_LITERAL_CONVERSION = YES;
				CLANG_WARN_OBJC_ROOT_CLASS = YES_ERROR;
				CLANG_WARN_QUOTED_INCLUDE_IN_FRAMEWORK_HEADER = YES;
				CLANG_WARN_RANGE_LOOP_ANALYSIS = YES;
				CLANG_WARN_STRICT_PROTOTYPES = YES;
				CLANG_WARN_SUSPICIOUS_MOVE = YES;
				CLANG_WARN_UNGUARDED_AVAILABILITY = YES_AGGRESSIVE;
				CLANG_WARN_UNREACHABLE_CODE = YES;
				CLANG_WARN__DUPLICATE_METHOD_MATCH = YES;
				COPY_PHASE_STRIP = NO;
				DEBUG_INFORMATION_FORMAT = "dwarf-with-dsym";
				ENABLE_NS_ASSERTIONS = NO;
				ENABLE_STRICT_OBJC_MSGSEND = YES;
				GCC_C_LANGUAGE_STANDARD = gnu11;
				GCC_NO_COMMON_BLOCKS = YES;
				GCC_WARN_64_TO_32_BIT_CONVERSION = YES;
				GCC_WARN_ABOUT_RETURN_TYPE = YES_ERROR;
				GCC_WARN_UNDECLARED_SELECTOR = YES;
				GCC_WARN_UNINITIALIZED_AUTOS = YES_AGGRESSIVE;
				GCC_WARN_UNUSED_FUNCTION = YES;
				GCC_WARN_UNUSED_VARIABLE = YES;
				IPHONEOS_DEPLOYMENT_TARGET = 15.2;
				MTL_ENABLE_DEBUG_INFO = NO;
				MTL_FAST_MATH = YES;
				SDKROOT = iphoneos;
				SWIFT_COMPILATION_MODE = wholemodule;
				SWIFT_OPTIMIZATION_LEVEL = "-O";
				VALIDATE_PRODUCT = YES;
			};
			name = Release;
		};
		BC84B68928C250BF00D877CC /* Debug */ = {
			isa = XCBuildConfiguration;
			buildSettings = {
				ASSETCATALOG_COMPILER_APPICON_NAME = AppIcon;
				ASSETCATALOG_COMPILER_GLOBAL_ACCENT_COLOR_NAME = AccentColor;
				CODE_SIGN_STYLE = Automatic;
				CURRENT_PROJECT_VERSION = 1;
				DEVELOPMENT_TEAM = 66MJ3YNVA6;
				GENERATE_INFOPLIST_FILE = YES;
				INFOPLIST_FILE = MusicListApp/Info.plist;
				INFOPLIST_KEY_UIApplicationSupportsIndirectInputEvents = YES;
				INFOPLIST_KEY_UILaunchStoryboardName = LaunchScreen;
				INFOPLIST_KEY_UISupportedInterfaceOrientations_iPad = "UIInterfaceOrientationPortrait UIInterfaceOrientationPortraitUpsideDown UIInterfaceOrientationLandscapeLeft UIInterfaceOrientationLandscapeRight";
				INFOPLIST_KEY_UISupportedInterfaceOrientations_iPhone = "UIInterfaceOrientationPortrait UIInterfaceOrientationLandscapeLeft UIInterfaceOrientationLandscapeRight";
				LD_RUNPATH_SEARCH_PATHS = (
					"$(inherited)",
					"@executable_path/Frameworks",
				);
				MARKETING_VERSION = 1.0;
				PRODUCT_BUNDLE_IDENTIFIER = MusicList.tsvetkov.MusicListApp;
				PRODUCT_NAME = "$(TARGET_NAME)";
				SWIFT_EMIT_LOC_STRINGS = YES;
				SWIFT_VERSION = 5.0;
				TARGETED_DEVICE_FAMILY = 1;
			};
			name = Debug;
		};
		BC84B68A28C250BF00D877CC /* Release */ = {
			isa = XCBuildConfiguration;
			buildSettings = {
				ASSETCATALOG_COMPILER_APPICON_NAME = AppIcon;
				ASSETCATALOG_COMPILER_GLOBAL_ACCENT_COLOR_NAME = AccentColor;
				CODE_SIGN_STYLE = Automatic;
				CURRENT_PROJECT_VERSION = 1;
				DEVELOPMENT_TEAM = 66MJ3YNVA6;
				GENERATE_INFOPLIST_FILE = YES;
				INFOPLIST_FILE = MusicListApp/Info.plist;
				INFOPLIST_KEY_UIApplicationSupportsIndirectInputEvents = YES;
				INFOPLIST_KEY_UILaunchStoryboardName = LaunchScreen;
				INFOPLIST_KEY_UISupportedInterfaceOrientations_iPad = "UIInterfaceOrientationPortrait UIInterfaceOrientationPortraitUpsideDown UIInterfaceOrientationLandscapeLeft UIInterfaceOrientationLandscapeRight";
				INFOPLIST_KEY_UISupportedInterfaceOrientations_iPhone = "UIInterfaceOrientationPortrait UIInterfaceOrientationLandscapeLeft UIInterfaceOrientationLandscapeRight";
				LD_RUNPATH_SEARCH_PATHS = (
					"$(inherited)",
					"@executable_path/Frameworks",
				);
				MARKETING_VERSION = 1.0;
				PRODUCT_BUNDLE_IDENTIFIER = MusicList.tsvetkov.MusicListApp;
				PRODUCT_NAME = "$(TARGET_NAME)";
				SWIFT_EMIT_LOC_STRINGS = YES;
				SWIFT_VERSION = 5.0;
				TARGETED_DEVICE_FAMILY = 1;
			};
			name = Release;
		};
/* End XCBuildConfiguration section */

/* Begin XCConfigurationList section */
		BC84B66F28C250B700D877CC /* Build configuration list for PBXProject "MusicListApp" */ = {
			isa = XCConfigurationList;
			buildConfigurations = (
				BC84B68628C250BF00D877CC /* Debug */,
				BC84B68728C250BF00D877CC /* Release */,
			);
			defaultConfigurationIsVisible = 0;
			defaultConfigurationName = Release;
		};
		BC84B68828C250BF00D877CC /* Build configuration list for PBXNativeTarget "MusicListApp" */ = {
			isa = XCConfigurationList;
			buildConfigurations = (
				BC84B68928C250BF00D877CC /* Debug */,
				BC84B68A28C250BF00D877CC /* Release */,
			);
			defaultConfigurationIsVisible = 0;
			defaultConfigurationName = Release;
		};
/* End XCConfigurationList section */

/* Begin XCRemoteSwiftPackageReference section */
		BC84B68B28C2516100D877CC /* XCRemoteSwiftPackageReference "SnapKit" */ = {
			isa = XCRemoteSwiftPackageReference;
			repositoryURL = "https://github.com/SnapKit/SnapKit.git";
			requirement = {
				kind = upToNextMajorVersion;
				minimumVersion = 5.0.0;
			};
		};
/* End XCRemoteSwiftPackageReference section */

/* Begin XCSwiftPackageProductDependency section */
		BC84B68C28C2516100D877CC /* SnapKit */ = {
			isa = XCSwiftPackageProductDependency;
			package = BC84B68B28C2516100D877CC /* XCRemoteSwiftPackageReference "SnapKit" */;
			productName = SnapKit;
		};
/* End XCSwiftPackageProductDependency section */
	};
	rootObject = BC84B66C28C250B700D877CC /* Project object */;
}
